<?xml version="1.0" encoding="UTF-8" standalone="yes" ?>
<CodeBlocks_project_file>
	<FileVersion major="1" minor="6" />
	<Project>
		<Option title="PlaneRunner" />
		<Option pch_mode="2" />
		<Option compiler="gcc" />
		<Build>
			<Target title="Linux-Debug">
				<Option output="bin/Debug/PlaneRunner" prefix_auto="1" extension_auto="1" />
				<Option object_output="obj/Debug/" />
				<Option type="1" />
				<Option compiler="gcc" />
				<Compiler>
					<Add option="-Wall" />
					<Add option="-std=c++11" />
					<Add option="-g" />
					<Add option='-isystem&quot;/usr/include/freetype2&quot;' />
					<Add option='-isystem&quot;deps/include/freetype2&quot;' />
					<Add option='-isystem&quot;/usr/include/irrlicht&quot;' />
					<Add option='-isystem&quot;deps/include/irrlicht&quot;' />
					<Add option='-isystem&quot;/usr/include/bullet&quot;' />
					<Add option='-isystem&quot;deps/include/bullet&quot;' />
					<Add directory="include" />
				</Compiler>
			</Target>
			<Target title="Linux-Release">
				<Option output="bin/Release/PlaneRunner" prefix_auto="1" extension_auto="1" />
				<Option object_output="obj/Release/" />
				<Option type="1" />
				<Option compiler="gcc" />
				<Compiler>
					<Add option="-O2" />
					<Add option="-Wall" />
					<Add option="-std=c++11" />
					<Add option='-isystem&quot;/usr/include/freetype2&quot;' />
					<Add option='-isystem&quot;deps/include/freetype2&quot;' />
					<Add option='-isystem&quot;/usr/include/irrlicht&quot;' />
					<Add option='-isystem&quot;deps/include/irrlicht&quot;' />
					<Add option='-isystem&quot;/usr/include/bullet&quot;' />
					<Add option='-isystem&quot;deps/include/bullet&quot;' />
					<Add directory="include" />
				</Compiler>
				<Linker>
					<Add option="-s" />
				</Linker>
			</Target>
			<Target title="Windows-Debug">
				<Option output="bin/Debug/PlaneRunner" prefix_auto="1" extension_auto="1" />
				<Option object_output="obj/Debug/" />
				<Option type="1" />
				<Option compiler="gcc" />
				<Option use_console_runner="0" />
				<Compiler>
					<Add option="-Wall" />
					<Add option="-std=c++11" />
					<Add option="-g" />
					<Add option='-isystem&quot;deps\include\freetype2&quot;' />
					<Add option='-isystem&quot;deps\include\irrlicht&quot;' />
					<Add option='-isystem&quot;deps\include\bullet&quot;' />
					<Add directory="include" />
				</Compiler>
				<Linker>
					<Add library="intl" />
				</Linker>
			</Target>
			<Target title="Windows-Release">
				<Option output="bin/Release/PlaneRunner" prefix_auto="1" extension_auto="1" />
				<Option object_output="obj/Release/" />
				<Option type="1" />
				<Option compiler="gcc" />
				<Option use_console_runner="0" />
				<Compiler>
					<Add option="-Wall" />
					<Add option="-std=c++11" />
					<Add option='-isystem&quot;deps\include\freetype2&quot;' />
					<Add option='-isystem&quot;deps\include\irrlicht&quot;' />
					<Add option='-isystem&quot;deps\include\bullet&quot;' />
					<Add directory="include" />
				</Compiler>
				<Linker>
					<Add library="intl" />
				</Linker>
			</Target>
		</Build>
		<Compiler>
			<Add option="-Wall" />
			<Add option="-fexceptions" />
			<Add directory="include" />
			<Add directory="deps/include/" />
		</Compiler>
		<Linker>
			<Add library="freetype" />
			<Add library="BulletDynamics" />
			<Add library="BulletCollision" />
			<Add library="LinearMath" />
			<Add library="Irrlicht" />
			<Add directory="deps/lib" />
		</Linker>
		<Unit filename="include/CGUITTFont.h" />
		<Unit filename="include/Config.h" />
		<Unit filename="include/EventReceiver.h" />
		<Unit filename="include/GUI.h" />
		<Unit filename="include/Game.h" />
		<Unit filename="include/IBody.h" />
		<Unit filename="include/MotionState.h" />
		<Unit filename="include/ObjMesh.h" />
		<Unit filename="include/ObstacleGenerator.h" />
		<Unit filename="include/Plane.h" />
		<Unit filename="include/PlaneControl.h" />
		<Unit filename="include/obstacles/Cube.h" />
		<Unit filename="include/util.h" />
		<Unit filename="main.cpp" />
		<Unit filename="src/CGUITTFont.cpp" />
		<Unit filename="src/Config.cpp" />
		<Unit filename="src/EventReceiver.cpp" />
		<Unit filename="src/GUI.cpp" />
		<Unit filename="src/Game.cpp" />
		<Unit filename="src/MotionState.cpp" />
		<Unit filename="src/ObjMesh.cpp" />
		<Unit filename="src/ObstacleGenerator.cpp" />
		<Unit filename="src/Plane.cpp" />
		<Unit filename="src/PlaneControl.cpp" />
		<Unit filename="src/util.cpp" />
		<Extensions>
			<code_completion />
			<debugger />
			<envvars />
		</Extensions>
	</Project>
</CodeBlocks_project_file>
